
Microsoft Visual Studio Solution File, Format Version 11.00
# Visual Studio 2010
Project("{FAE04EC0-301F-11D3-BF4B-00C04F79EFBC}") = "Assembly-CSharp", "Assembly-CSharp.csproj", "{0CA00B6F-A2FE-DE55-9FE4-214E353015EE}"
EndProject
Global
	GlobalSection(SolutionConfigurationPlatforms) = preSolution
		Debug|Any CPU = Debug|Any CPU
		Release|Any CPU = Release|Any CPU
	EndGlobalSection
	GlobalSection(ProjectConfigurationPlatforms) = postSolution
		{0CA00B6F-A2FE-DE55-9FE4-214E353015EE}.Debug|Any CPU.ActiveCfg = Debug|Any CPU
		{0CA00B6F-A2FE-DE55-9FE4-214E353015EE}.Debug|Any CPU.Build.0 = Debug|Any CPU
		{0CA00B6F-A2FE-DE55-9FE4-214E353015EE}.Release|Any CPU.ActiveCfg = Release|Any CPU
		{0CA00B6F-A2FE-DE55-9FE4-214E353015EE}.Release|Any CPU.Build.0 = Release|Any CPU
	EndGlobalSection
	GlobalSection(SolutionProperties) = preSolution
		HideSolutionNode = FALSE
	EndGlobalSection
EndGlobal
